{
  "name": "sentanalysis",
  "version": "1.0.0",
  "lockfileVersion": 1,
  "requires": true,
  "dependencies": {
    "vader-sentiment": {
      "version": "1.1.3",
      "resolved": "https://registry.npmjs.org/vader-sentiment/-/vader-sentiment-1.1.3.tgz",
      "integrity": "sha512-z9ys48I7pd3ngy/YzYDCTcOp6//z96wiXaJnQnuyxiPT3PTU0mWLWVCKvips11S5euvHfXsr0ahsmWT2oeXcUw=="
    }
  }
}
